// !$*UTF8*$!
{
	archiveVersion = 1;
	classes = {
	};
	objectVersion = 50;
	objects = {

/* Begin PBXBuildFile section */
		A10E1E452552244900009683 /* AppDelegate.swift in Sources */ = {isa = PBXBuildFile; fileRef = A10E1E442552244900009683 /* AppDelegate.swift */; };
		A10E1E472552244900009683 /* SceneDelegate.swift in Sources */ = {isa = PBXBuildFile; fileRef = A10E1E462552244900009683 /* SceneDelegate.swift */; };
		A10E1E492552244900009683 /* IntroVC.swift in Sources */ = {isa = PBXBuildFile; fileRef = A10E1E482552244900009683 /* IntroVC.swift */; };
		A10E1E4C2552244900009683 /* Main.storyboard in Resources */ = {isa = PBXBuildFile; fileRef = A10E1E4A2552244900009683 /* Main.storyboard */; };
		A10E1E4E2552244C00009683 /* Assets.xcassets in Resources */ = {isa = PBXBuildFile; fileRef = A10E1E4D2552244C00009683 /* Assets.xcassets */; };
		A10E1E512552244C00009683 /* LaunchScreen.storyboard in Resources */ = {isa = PBXBuildFile; fileRef = A10E1E4F2552244C00009683 /* LaunchScreen.storyboard */; };
		A10E1E592552365500009683 /* QuestionVC.swift in Sources */ = {isa = PBXBuildFile; fileRef = A10E1E582552365500009683 /* QuestionVC.swift */; };
		A10E1E5B2552367100009683 /* ResultsVC.swift in Sources */ = {isa = PBXBuildFile; fileRef = A10E1E5A2552367100009683 /* ResultsVC.swift */; };
		A10E1E5D25523F4200009683 /* QuestionData.swift in Sources */ = {isa = PBXBuildFile; fileRef = A10E1E5C25523F4200009683 /* QuestionData.swift */; };
/* End PBXBuildFile section */

/* Begin PBXFileReference section */
		A10E1E412552244900009683 /* PersonalityQuiz.app */ = {isa = PBXFileReference; explicitFileType = wrapper.application; includeInIndex = 0; path = PersonalityQuiz.app; sourceTree = BUILT_PRODUCTS_DIR; };
		A10E1E442552244900009683 /* AppDelegate.swift */ = {isa = PBXFileReference; lastKnownFileType = sourcecode.swift; path = AppDelegate.swift; sourceTree = "<group>"; };
		A10E1E462552244900009683 /* SceneDelegate.swift */ = {isa = PBXFileReference; lastKnownFileType = sourcecode.swift; path = SceneDelegate.swift; sourceTree = "<group>"; };
		A10E1E482552244900009683 /* IntroVC.swift */ = {isa = PBXFileReference; lastKnownFileType = sourcecode.swift; path = IntroVC.swift; sourceTree = "<group>"; };
		A10E1E4B2552244900009683 /* Base */ = {isa = PBXFileReference; lastKnownFileType = file.storyboard; name = Base; path = Base.lproj/Main.storyboard; sourceTree = "<group>"; };
		A10E1E4D2552244C00009683 /* Assets.xcassets */ = {isa = PBXFileReference; lastKnownFileType = folder.assetcatalog; path = Assets.xcassets; sourceTree = "<group>"; };
		A10E1E502552244C00009683 /* Base */ = {isa = PBXFileReference; lastKnownFileType = file.storyboard; name = Base; path = Base.lproj/LaunchScreen.storyboard; sourceTree = "<group>"; };
		A10E1E522552244C00009683 /* Info.plist */ = {isa = PBXFileReference; lastKnownFileType = text.plist.xml; path = Info.plist; sourceTree = "<group>"; };
		A10E1E582552365500009683 /* QuestionVC.swift */ = {isa = PBXFileReference; lastKnownFileType = sourcecode.swift; path = QuestionVC.swift; sourceTree = "<group>"; };
		A10E1E5A2552367100009683 /* ResultsVC.swift */ = {isa = PBXFileReference; lastKnownFileType = sourcecode.swift; path = ResultsVC.swift; sourceTree = "<group>"; };
		A10E1E5C25523F4200009683 /* QuestionData.swift */ = {isa = PBXFileReference; lastKnownFileType = sourcecode.swift; path = QuestionData.swift; sourceTree = "<group>"; };
/* End PBXFileReference section */

/* Begin PBXFrameworksBuildPhase section */
		A10E1E3E2552244900009683 /* Frameworks */ = {
			isa = PBXFrameworksBuildPhase;
			buildActionMask = 2147483647;
			files = (
			);
			runOnlyForDeploymentPostprocessing = 0;
		};
/* End PBXFrameworksBuildPhase section */

/* Begin PBXGroup section */
		A10E1E382552244900009683 = {
			isa = PBXGroup;
			children = (
				A10E1E432552244900009683 /* PersonalityQuiz */,
				A10E1E422552244900009683 /* Products */,
			);
			sourceTree = "<group>";
		};
		A10E1E422552244900009683 /* Products */ = {
			isa = PBXGroup;
			children = (
				A10E1E412552244900009683 /* PersonalityQuiz.app */,
			);
			name = Products;
			sourceTree = "<group>";
		};
		A10E1E432552244900009683 /* PersonalityQuiz */ = {
			isa = PBXGroup;
			children = (
				A10E1E442552244900009683 /* AppDelegate.swift */,
				A10E1E462552244900009683 /* SceneDelegate.swift */,
				A10E1E482552244900009683 /* IntroVC.swift */,
				A10E1E582552365500009683 /* QuestionVC.swift */,
				A10E1E5A2552367100009683 /* ResultsVC.swift */,
				A10E1E5C25523F4200009683 /* QuestionData.swift */,
				A10E1E4A2552244900009683 /* Main.storyboard */,
				A10E1E4D2552244C00009683 /* Assets.xcassets */,
				A10E1E4F2552244C00009683 /* LaunchScreen.storyboard */,
				A10E1E522552244C00009683 /* Info.plist */,
			);
			path = PersonalityQuiz;
			sourceTree = "<group>";
		};
/* End PBXGroup section */

/* Begin PBXNativeTarget section */
		A10E1E402552244900009683 /* PersonalityQuiz */ = {
			isa = PBXNativeTarget;
			buildConfigurationList = A10E1E552552244C00009683 /* Build configuration list for PBXNativeTarget "PersonalityQuiz" */;
			buildPhases = (
				A10E1E3D2552244900009683 /* Sources */,
				A10E1E3E2552244900009683 /* Frameworks */,
				A10E1E3F2552244900009683 /* Resources */,
			);
			buildRules = (
			);
			dependencies = (
			);
			name = PersonalityQuiz;
			productName = PersonalityQuiz;
			productReference = A10E1E412552244900009683 /* PersonalityQuiz.app */;
			productType = "com.apple.product-type.application";
		};
/* End PBXNativeTarget section */

/* Begin PBXProject section */
		A10E1E392552244900009683 /* Project object */ = {
			isa = PBXProject;
			attributes = {
				LastSwiftUpdateCheck = 1170;
				LastUpgradeCheck = 1170;
				ORGANIZATIONNAME = "Yoon Kwak";
				TargetAttributes = {
					A10E1E402552244900009683 = {
						CreatedOnToolsVersion = 11.7;
					};
				};
			};
			buildConfigurationList = A10E1E3C2552244900009683 /* Build configuration list for PBXProject "PersonalityQuiz" */;
			compatibilityVersion = "Xcode 9.3";
			developmentRegion = en;
			hasScannedForEncodings = 0;
			knownRegions = (
				en,
				Base,
			);
			mainGroup = A10E1E382552244900009683;
			productRefGroup = A10E1E422552244900009683 /* Products */;
			projectDirPath = "";
			projectRoot = "";
			targets = (
				A10E1E402552244900009683 /* PersonalityQuiz */,
			);
		};
/* End PBXProject section */

/* Begin PBXResourcesBuildPhase section */
		A10E1E3F2552244900009683 /* Resources */ = {
			isa = PBXResourcesBuildPhase;
			buildActionMask = 2147483647;
			files = (
				A10E1E512552244C00009683 /* LaunchScreen.storyboard in Resources */,
				A10E1E4E2552244C00009683 /* Assets.xcassets in Resources */,
				A10E1E4C2552244900009683 /* Main.storyboard in Resources */,
			);
			runOnlyForDeploymentPostprocessing = 0;
		};
/* End PBXResourcesBuildPhase section */

/* Begin PBXSourcesBuildPhase section */
		A10E1E3D2552244900009683 /* Sources */ = {
			isa = PBXSourcesBuildPhase;
			buildActionMask = 2147483647;
			files = (
				A10E1E492552244900009683 /* IntroVC.swift in Sources */,
				A10E1E452552244900009683 /* AppDelegate.swift in Sources */,
				A10E1E592552365500009683 /* QuestionVC.swift in Sources */,
				A10E1E5D25523F4200009683 /* QuestionData.swift in Sources */,
				A10E1E5B2552367100009683 /* ResultsVC.swift in Sources */,
				A10E1E472552244900009683 /* SceneDelegate.swift in Sources */,
			);
			runOnlyForDeploymentPostprocessing = 0;
		};
/* End PBXSourcesBuildPhase section */

/* Begin PBXVariantGroup section */
		A10E1E4A2552244900009683 /* Main.storyboard */ = {
			isa = PBXVariantGroup;
			children = (
				A10E1E4B2552244900009683 /* Base */,
			);
			name = Main.storyboard;
			sourceTree = "<group>";
		};
		A10E1E4F2552244C00009683 /* LaunchScreen.storyboard */ = {
			isa = PBXVariantGroup;
			children = (
				A10E1E502552244C00009683 /* Base */,
			);
			name = LaunchScreen.storyboard;
			sourceTree = "<group>";
		};
/* End PBXVariantGroup section */

/* Begin XCBuildConfiguration section */
		A10E1E532552244C00009683 /* Debug */ = {
			isa = XCBuildConfiguration;
			buildSettings = {
				ALWAYS_SEARCH_USER_PATHS = NO;
				CLANG_ANALYZER_NONNULL = YES;
				CLANG_ANALYZER_NUMBER_OBJECT_CONVERSION = YES_AGGRESSIVE;
				CLANG_CXX_LANGUAGE_STANDARD = "gnu++14";
				CLANG_CXX_LIBRARY = "libc++";
				CLANG_ENABLE_MODULES = YES;
				CLANG_ENABLE_OBJC_ARC = YES;
				CLANG_ENABLE_OBJC_WEAK = YES;
				CLANG_WARN_BLOCK_CAPTURE_AUTORELEASING = YES;
				CLANG_WARN_BOOL_CONVERSION = YES;
				CLANG_WARN_COMMA = YES;
				CLANG_WARN_CONSTANT_CONVERSION = YES;
				CLANG_WARN_DEPRECATED_OBJC_IMPLEMENTATIONS = YES;
				CLANG_WARN_DIRECT_OBJC_ISA_USAGE = YES_ERROR;
				CLANG_WARN_DOCUMENTATION_COMMENTS = YES;
				CLANG_WARN_EMPTY_BODY = YES;
				CLANG_WARN_ENUM_CONVERSION = YES;
				CLANG_WARN_INFINITE_RECURSION = YES;
				CLANG_WARN_INT_CONVERSION = YES;
				CLANG_WARN_NON_LITERAL_NULL_CONVERSION = YES;
				CLANG_WARN_OBJC_IMPLICIT_RETAIN_SELF = YES;
				CLANG_WARN_OBJC_LITERAL_CONVERSION = YES;
				CLANG_WARN_OBJC_ROOT_CLASS = YES_ERROR;
				CLANG_WARN_RANGE_LOOP_ANALYSIS = YES;
				CLANG_WARN_STRICT_PROTOTYPES = YES;
				CLANG_WARN_SUSPICIOUS_MOVE = YES;
				CLANG_WARN_UNGUARDED_AVAILABILITY = YES_AGGRESSIVE;
				CLANG_WARN_UNREACHABLE_CODE = YES;
				CLANG_WARN__DUPLICATE_METHOD_MATCH = YES;
				COPY_PHASE_STRIP = NO;
				DEBUG_INFORMATION_FORMAT = dwarf;
				ENABLE_STRICT_OBJC_MSGSEND = YES;
				ENABLE_TESTABILITY = YES;
				GCC_C_LANGUAGE_STANDARD = gnu11;
				GCC_DYNAMIC_NO_PIC = NO;
				GCC_NO_COMMON_BLOCKS = YES;
				GCC_OPTIMIZATION_LEVEL = 0;
				GCC_PREPROCESSOR_DEFINITIONS = (
					"DEBUG=1",
					"$(inherited)",
				);
				GCC_WARN_64_TO_32_BIT_CONVERSION = YES;
				GCC_WARN_ABOUT_RETURN_TYPE = YES_ERROR;
				GCC_WARN_UNDECLARED_SELECTOR = YES;
				GCC_WARN_UNINITIALIZED_AUTOS = YES_AGGRESSIVE;
				GCC_WARN_UNUSED_FUNCTION = YES;
				GCC_WARN_UNUSED_VARIABLE = YES;
				IPHONEOS_DEPLOYMENT_TARGET = 13.7;
				MTL_ENABLE_DEBUG_INFO = INCLUDE_SOURCE;
				MTL_FAST_MATH = YES;
				ONLY_ACTIVE_ARCH = YES;
				SDKROOT = iphoneos;
				SWIFT_ACTIVE_COMPILATION_CONDITIONS = DEBUG;
				SWIFT_OPTIMIZATION_LEVEL = "-Onone";
			};
			name = Debug;
		};
		A10E1E542552244C00009683 /* Release */ = {
			isa = XCBuildConfiguration;
			buildSettings = {
				ALWAYS_SEARCH_USER_PATHS = NO;
				CLANG_ANALYZER_NONNULL = YES;
				CLANG_ANALYZER_NUMBER_OBJECT_CONVERSION = YES_AGGRESSIVE;
				CLANG_CXX_LANGUAGE_STANDARD = "gnu++14";
				CLANG_CXX_LIBRARY = "libc++";
				CLANG_ENABLE_MODULES = YES;
				CLANG_ENABLE_OBJC_ARC = YES;
				CLANG_ENABLE_OBJC_WEAK = YES;
				CLANG_WARN_BLOCK_CAPTURE_AUTORELEASING = YES;
				CLANG_WARN_BOOL_CONVERSION = YES;
				CLANG_WARN_COMMA = YES;
				CLANG_WARN_CONSTANT_CONVERSION = YES;
				CLANG_WARN_DEPRECATED_OBJC_IMPLEMENTATIONS = YES;
				CLANG_WARN_DIRECT_OBJC_ISA_USAGE = YES_ERROR;
				CLANG_WARN_DOCUMENTATION_COMMENTS = YES;
				CLANG_WARN_EMPTY_BODY = YES;
				CLANG_WARN_ENUM_CONVERSION = YES;
				CLANG_WARN_INFINITE_RECURSION = YES;
				CLANG_WARN_INT_CONVERSION = YES;
				CLANG_WARN_NON_LITERAL_NULL_CONVERSION = YES;
				CLANG_WARN_OBJC_IMPLICIT_RETAIN_SELF = YES;
				CLANG_WARN_OBJC_LITERAL_CONVERSION = YES;
				CLANG_WARN_OBJC_ROOT_CLASS = YES_ERROR;
				CLANG_WARN_RANGE_LOOP_ANALYSIS = YES;
				CLANG_WARN_STRICT_PROTOTYPES = YES;
				CLANG_WARN_SUSPICIOUS_MOVE = YES;
				CLANG_WARN_UNGUARDED_AVAILABILITY = YES_AGGRESSIVE;
				CLANG_WARN_UNREACHABLE_CODE = YES;
				CLANG_WARN__DUPLICATE_METHOD_MATCH = YES;
				COPY_PHASE_STRIP = NO;
				DEBUG_INFORMATION_FORMAT = "dwarf-with-dsym";
				ENABLE_NS_ASSERTIONS = NO;
				ENABLE_STRICT_OBJC_MSGSEND = YES;
				GCC_C_LANGUAGE_STANDARD = gnu11;
				GCC_NO_COMMON_BLOCKS = YES;
				GCC_WARN_64_TO_32_BIT_CONVERSION = YES;
				GCC_WARN_ABOUT_RETURN_TYPE = YES_ERROR;
				GCC_WARN_UNDECLARED_SELECTOR = YES;
				GCC_WARN_UNINITIALIZED_AUTOS = YES_AGGRESSIVE;
				GCC_WARN_UNUSED_FUNCTION = YES;
				GCC_WARN_UNUSED_VARIABLE = YES;
				IPHONEOS_DEPLOYMENT_TARGET = 13.7;
				MTL_ENABLE_DEBUG_INFO = NO;
				MTL_FAST_MATH = YES;
				SDKROOT = iphoneos;
				SWIFT_COMPILATION_MODE = wholemodule;
				SWIFT_OPTIMIZATION_LEVEL = "-O";
				VALIDATE_PRODUCT = YES;
			};
			name = Release;
		};
		A10E1E562552244C00009683 /* Debug */ = {
			isa = XCBuildConfiguration;
			buildSettings = {
				ASSETCATALOG_COMPILER_APPICON_NAME = AppIcon;
				CODE_SIGN_STYLE = Automatic;
				INFOPLIST_FILE = PersonalityQuiz/Info.plist;
				LD_RUNPATH_SEARCH_PATHS = (
					"$(inherited)",
					"@executable_path/Frameworks",
				);
				PRODUCT_BUNDLE_IDENTIFIER = "Yoon-Kwak.PersonalityQuiz";
				PRODUCT_NAME = "$(TARGET_NAME)";
				SWIFT_VERSION = 5.0;
				TARGETED_DEVICE_FAMILY = "1,2";
			};
			name = Debug;
		};
		A10E1E572552244C00009683 /* Release */ = {
			isa = XCBuildConfiguration;
			buildSettings = {
				ASSETCATALOG_COMPILER_APPICON_NAME = AppIcon;
				CODE_SIGN_STYLE = Automatic;
				INFOPLIST_FILE = PersonalityQuiz/Info.plist;
				LD_RUNPATH_SEARCH_PATHS = (
					"$(inherited)",
					"@executable_path/Frameworks",
				);
				PRODUCT_BUNDLE_IDENTIFIER = "Yoon-Kwak.PersonalityQuiz";
				PRODUCT_NAME = "$(TARGET_NAME)";
				SWIFT_VERSION = 5.0;
				TARGETED_DEVICE_FAMILY = "1,2";
			};
			name = Release;
		};
/* End XCBuildConfiguration section */

/* Begin XCConfigurationList section */
		A10E1E3C2552244900009683 /* Build configuration list for PBXProject "PersonalityQuiz" */ = {
			isa = XCConfigurationList;
			buildConfigurations = (
				A10E1E532552244C00009683 /* Debug */,
				A10E1E542552244C00009683 /* Release */,
			);
			defaultConfigurationIsVisible = 0;
			defaultConfigurationName = Release;
		};
		A10E1E552552244C00009683 /* Build configuration list for PBXNativeTarget "PersonalityQuiz" */ = {
			isa = XCConfigurationList;
			buildConfigurations = (
				A10E1E562552244C00009683 /* Debug */,
				A10E1E572552244C00009683 /* Release */,
			);
			defaultConfigurationIsVisible = 0;
			defaultConfigurationName = Release;
		};
/* End XCConfigurationList section */
	};
	rootObject = A10E1E392552244900009683 /* Project object */;
}
